
Microsoft Visual Studio Solution File, Format Version 12.00
# Visual Studio Version 17
VisualStudioVersion = 17.13.35931.197 d17.13
MinimumVisualStudioVersion = 10.0.40219.1
Project("{FAE04EC0-301F-11D3-BF4B-00C04F79EFBC}") = "GlutenCheckApp", "GlutenCheckApp.csproj", "{F2D0826F-1807-4A3F-B554-7FCDD562CC8D}"
EndProject
Project("{FAE04EC0-301F-11D3-BF4B-00C04F79EFBC}") = "Domain.Gluten", "..\Domain.Gluten\Domain.Gluten.csproj", "{FD510427-CAB4-42B9-8777-B67302245133}"
EndProject
Project("{FAE04EC0-301F-11D3-BF4B-00C04F79EFBC}") = "Infrastructure.Gluten", "..\Infrastructure.Gluten\Infrastructure.Gluten.csproj", "{37BB0AB3-69AA-4D33-9BA1-E030797B557C}"
EndProject
Project("{FAE04EC0-301F-11D3-BF4B-00C04F79EFBC}") = "Gluten.ContractDTOs", "..\Gluten.ContractDTOs\Gluten.ContractDTOs.csproj", "{8996ECD6-2167-40EC-8158-AD1D86E884B7}"
EndProject
Global
	GlobalSection(SolutionConfigurationPlatforms) = preSolution
		Debug|Any CPU = Debug|Any CPU
		Release|Any CPU = Release|Any CPU
	EndGlobalSection
	GlobalSection(ProjectConfigurationPlatforms) = postSolution
		{F2D0826F-1807-4A3F-B554-7FCDD562CC8D}.Debug|Any CPU.ActiveCfg = Debug|Any CPU
		{F2D0826F-1807-4A3F-B554-7FCDD562CC8D}.Debug|Any CPU.Build.0 = Debug|Any CPU
		{F2D0826F-1807-4A3F-B554-7FCDD562CC8D}.Release|Any CPU.ActiveCfg = Release|Any CPU
		{F2D0826F-1807-4A3F-B554-7FCDD562CC8D}.Release|Any CPU.Build.0 = Release|Any CPU
		{FD510427-CAB4-42B9-8777-B67302245133}.Debug|Any CPU.ActiveCfg = Debug|Any CPU
		{FD510427-CAB4-42B9-8777-B67302245133}.Debug|Any CPU.Build.0 = Debug|Any CPU
		{FD510427-CAB4-42B9-8777-B67302245133}.Release|Any CPU.ActiveCfg = Release|Any CPU
		{FD510427-CAB4-42B9-8777-B67302245133}.Release|Any CPU.Build.0 = Release|Any CPU
		{37BB0AB3-69AA-4D33-9BA1-E030797B557C}.Debug|Any CPU.ActiveCfg = Debug|Any CPU
		{37BB0AB3-69AA-4D33-9BA1-E030797B557C}.Debug|Any CPU.Build.0 = Debug|Any CPU
		{37BB0AB3-69AA-4D33-9BA1-E030797B557C}.Release|Any CPU.ActiveCfg = Release|Any CPU
		{37BB0AB3-69AA-4D33-9BA1-E030797B557C}.Release|Any CPU.Build.0 = Release|Any CPU
		{8996ECD6-2167-40EC-8158-AD1D86E884B7}.Debug|Any CPU.ActiveCfg = Debug|Any CPU
		{8996ECD6-2167-40EC-8158-AD1D86E884B7}.Debug|Any CPU.Build.0 = Debug|Any CPU
		{8996ECD6-2167-40EC-8158-AD1D86E884B7}.Release|Any CPU.ActiveCfg = Release|Any CPU
		{8996ECD6-2167-40EC-8158-AD1D86E884B7}.Release|Any CPU.Build.0 = Release|Any CPU
	EndGlobalSection
	GlobalSection(SolutionProperties) = preSolution
		HideSolutionNode = FALSE
	EndGlobalSection
	GlobalSection(ExtensibilityGlobals) = postSolution
		SolutionGuid = {8551BC6B-C68F-46D1-AE30-198A9109EE8D}
	EndGlobalSection
EndGlobal
